// !$*UTF8*$!
{
	archiveVersion = 1;
	classes = {
	};
	objectVersion = 46;
	objects = {

/* Begin PBXBuildFile section */
		7D2A32741DD744C3001C011E /* HomeViewController.swift in Sources */ = {isa = PBXBuildFile; fileRef = 7D2A32731DD744C3001C011E /* HomeViewController.swift */; };
		7D2A32761DD74867001C011E /* IMDbad.jpg in Resources */ = {isa = PBXBuildFile; fileRef = 7D2A32751DD74867001C011E /* IMDbad.jpg */; };
		7D2A32781DD74F0B001C011E /* Batman-BenAffleck.jpg in Resources */ = {isa = PBXBuildFile; fileRef = 7D2A32771DD74F0B001C011E /* Batman-BenAffleck.jpg */; };
		7D2A327A1DD7718D001C011E /* HomeCollectionViewCell.swift in Sources */ = {isa = PBXBuildFile; fileRef = 7D2A32791DD7718D001C011E /* HomeCollectionViewCell.swift */; };
		7D4BED371DD815450044C05D /* film.jpg in Resources */ = {isa = PBXBuildFile; fileRef = 7D4BED361DD815450044C05D /* film.jpg */; };
		7DF4E14A1DD7C4DB00830FC8 /* logo3.jpg in Resources */ = {isa = PBXBuildFile; fileRef = 7DF4E1481DD7C4DB00830FC8 /* logo3.jpg */; };
		DE4828F91DD3A960007768C2 /* BriefMovieCollectionViewController.swift in Sources */ = {isa = PBXBuildFile; fileRef = DE4828F81DD3A960007768C2 /* BriefMovieCollectionViewController.swift */; };
		DE4828FB1DD3AA06007768C2 /* BriefMovieCollectionViewCell.swift in Sources */ = {isa = PBXBuildFile; fileRef = DE4828FA1DD3AA06007768C2 /* BriefMovieCollectionViewCell.swift */; };
		DE4828FD1DD3BA6E007768C2 /* FullMovieDetailViewController.swift in Sources */ = {isa = PBXBuildFile; fileRef = DE4828FC1DD3BA6E007768C2 /* FullMovieDetailViewController.swift */; };
		DEAB717E1DD248CB003B3AF5 /* AppDelegate.swift in Sources */ = {isa = PBXBuildFile; fileRef = DEAB717D1DD248CB003B3AF5 /* AppDelegate.swift */; };
		DEAB71831DD248CB003B3AF5 /* Main.storyboard in Resources */ = {isa = PBXBuildFile; fileRef = DEAB71811DD248CB003B3AF5 /* Main.storyboard */; };
		DEAB71851DD248CB003B3AF5 /* Assets.xcassets in Resources */ = {isa = PBXBuildFile; fileRef = DEAB71841DD248CB003B3AF5 /* Assets.xcassets */; };
		DEAB71881DD248CB003B3AF5 /* LaunchScreen.storyboard in Resources */ = {isa = PBXBuildFile; fileRef = DEAB71861DD248CB003B3AF5 /* LaunchScreen.storyboard */; };
		DEAB71901DD24912003B3AF5 /* BriefMovie.swift in Sources */ = {isa = PBXBuildFile; fileRef = DEAB718F1DD24912003B3AF5 /* BriefMovie.swift */; };
		DEAB71921DD24931003B3AF5 /* FullMovie.swift in Sources */ = {isa = PBXBuildFile; fileRef = DEAB71911DD24931003B3AF5 /* FullMovie.swift */; };
		DEAB71961DD24969003B3AF5 /* BriefMovieTableViewController.swift in Sources */ = {isa = PBXBuildFile; fileRef = DEAB71951DD24969003B3AF5 /* BriefMovieTableViewController.swift */; };
		DEAB719A1DD249DF003B3AF5 /* APIManager.swift in Sources */ = {isa = PBXBuildFile; fileRef = DEAB71991DD249DF003B3AF5 /* APIManager.swift */; };
		DEAB719D1DD263C6003B3AF5 /* Soundtrack.swift in Sources */ = {isa = PBXBuildFile; fileRef = DEAB719C1DD263C6003B3AF5 /* Soundtrack.swift */; };
		DEAB719F1DD270AD003B3AF5 /* AlbumImage.swift in Sources */ = {isa = PBXBuildFile; fileRef = DEAB719E1DD270AD003B3AF5 /* AlbumImage.swift */; };
		DEBDAB2F1DD3E31F00D6B57F /* SoundtrackCollectionViewCell.swift in Sources */ = {isa = PBXBuildFile; fileRef = DEBDAB2E1DD3E31F00D6B57F /* SoundtrackCollectionViewCell.swift */; };
/* End PBXBuildFile section */

/* Begin PBXFileReference section */
		7D2A32731DD744C3001C011E /* HomeViewController.swift */ = {isa = PBXFileReference; fileEncoding = 4; lastKnownFileType = sourcecode.swift; path = HomeViewController.swift; sourceTree = "<group>"; };
		7D2A32751DD74867001C011E /* IMDbad.jpg */ = {isa = PBXFileReference; lastKnownFileType = image.jpeg; name = IMDbad.jpg; path = ../../../IMDbad.jpg; sourceTree = "<group>"; };
		7D2A32771DD74F0B001C011E /* Batman-BenAffleck.jpg */ = {isa = PBXFileReference; lastKnownFileType = image.jpeg; name = "Batman-BenAffleck.jpg"; path = "../../../../Downloads/Batman-BenAffleck.jpg"; sourceTree = "<group>"; };
		7D2A32791DD7718D001C011E /* HomeCollectionViewCell.swift */ = {isa = PBXFileReference; fileEncoding = 4; lastKnownFileType = sourcecode.swift; path = HomeCollectionViewCell.swift; sourceTree = "<group>"; };
		7D4BED361DD815450044C05D /* film.jpg */ = {isa = PBXFileReference; lastKnownFileType = image.jpeg; name = film.jpg; path = ../../../film.jpg; sourceTree = "<group>"; };
		7DF4E1481DD7C4DB00830FC8 /* logo3.jpg */ = {isa = PBXFileReference; lastKnownFileType = image.jpeg; name = logo3.jpg; path = ../../../logo3.jpg; sourceTree = "<group>"; };
		DE4828F81DD3A960007768C2 /* BriefMovieCollectionViewController.swift */ = {isa = PBXFileReference; fileEncoding = 4; lastKnownFileType = sourcecode.swift; path = BriefMovieCollectionViewController.swift; sourceTree = "<group>"; };
		DE4828FA1DD3AA06007768C2 /* BriefMovieCollectionViewCell.swift */ = {isa = PBXFileReference; fileEncoding = 4; lastKnownFileType = sourcecode.swift; path = BriefMovieCollectionViewCell.swift; sourceTree = "<group>"; };
		DE4828FC1DD3BA6E007768C2 /* FullMovieDetailViewController.swift */ = {isa = PBXFileReference; fileEncoding = 4; lastKnownFileType = sourcecode.swift; path = FullMovieDetailViewController.swift; sourceTree = "<group>"; };
		DEAB717A1DD248CB003B3AF5 /* AC3.2IMDbad.app */ = {isa = PBXFileReference; explicitFileType = wrapper.application; includeInIndex = 0; path = AC3.2IMDbad.app; sourceTree = BUILT_PRODUCTS_DIR; };
		DEAB717D1DD248CB003B3AF5 /* AppDelegate.swift */ = {isa = PBXFileReference; lastKnownFileType = sourcecode.swift; path = AppDelegate.swift; sourceTree = "<group>"; };
		DEAB71821DD248CB003B3AF5 /* Base */ = {isa = PBXFileReference; lastKnownFileType = file.storyboard; name = Base; path = Base.lproj/Main.storyboard; sourceTree = "<group>"; };
		DEAB71841DD248CB003B3AF5 /* Assets.xcassets */ = {isa = PBXFileReference; lastKnownFileType = folder.assetcatalog; path = Assets.xcassets; sourceTree = "<group>"; };
		DEAB71871DD248CB003B3AF5 /* Base */ = {isa = PBXFileReference; lastKnownFileType = file.storyboard; name = Base; path = Base.lproj/LaunchScreen.storyboard; sourceTree = "<group>"; };
		DEAB71891DD248CB003B3AF5 /* Info.plist */ = {isa = PBXFileReference; lastKnownFileType = text.plist.xml; path = Info.plist; sourceTree = "<group>"; };
		DEAB718F1DD24912003B3AF5 /* BriefMovie.swift */ = {isa = PBXFileReference; fileEncoding = 4; lastKnownFileType = sourcecode.swift; path = BriefMovie.swift; sourceTree = "<group>"; };
		DEAB71911DD24931003B3AF5 /* FullMovie.swift */ = {isa = PBXFileReference; fileEncoding = 4; lastKnownFileType = sourcecode.swift; path = FullMovie.swift; sourceTree = "<group>"; };
		DEAB71951DD24969003B3AF5 /* BriefMovieTableViewController.swift */ = {isa = PBXFileReference; fileEncoding = 4; lastKnownFileType = sourcecode.swift; path = BriefMovieTableViewController.swift; sourceTree = "<group>"; };
		DEAB71991DD249DF003B3AF5 /* APIManager.swift */ = {isa = PBXFileReference; fileEncoding = 4; lastKnownFileType = sourcecode.swift; path = APIManager.swift; sourceTree = "<group>"; };
		DEAB719C1DD263C6003B3AF5 /* Soundtrack.swift */ = {isa = PBXFileReference; fileEncoding = 4; lastKnownFileType = sourcecode.swift; path = Soundtrack.swift; sourceTree = "<group>"; };
		DEAB719E1DD270AD003B3AF5 /* AlbumImage.swift */ = {isa = PBXFileReference; fileEncoding = 4; lastKnownFileType = sourcecode.swift; path = AlbumImage.swift; sourceTree = "<group>"; };
		DEBDAB2E1DD3E31F00D6B57F /* SoundtrackCollectionViewCell.swift */ = {isa = PBXFileReference; fileEncoding = 4; lastKnownFileType = sourcecode.swift; path = SoundtrackCollectionViewCell.swift; sourceTree = "<group>"; };
/* End PBXFileReference section */

/* Begin PBXFrameworksBuildPhase section */
		DEAB71771DD248CB003B3AF5 /* Frameworks */ = {
			isa = PBXFrameworksBuildPhase;
			buildActionMask = 2147483647;
			files = (
			);
			runOnlyForDeploymentPostprocessing = 0;
		};
/* End PBXFrameworksBuildPhase section */

/* Begin PBXGroup section */
		DEAB71711DD248CB003B3AF5 = {
			isa = PBXGroup;
			children = (
				DEAB717C1DD248CB003B3AF5 /* AC3.2IMDbad */,
				DEAB717B1DD248CB003B3AF5 /* Products */,
			);
			sourceTree = "<group>";
		};
		DEAB717B1DD248CB003B3AF5 /* Products */ = {
			isa = PBXGroup;
			children = (
				DEAB717A1DD248CB003B3AF5 /* AC3.2IMDbad.app */,
			);
			name = Products;
			sourceTree = "<group>";
		};
		DEAB717C1DD248CB003B3AF5 /* AC3.2IMDbad */ = {
			isa = PBXGroup;
			children = (
				DEAB71931DD24938003B3AF5 /* Models */,
				DEAB719B1DD249F0003B3AF5 /* Networking */,
				DEAB71971DD24971003B3AF5 /* View Controllers */,
				DEAB71941DD24949003B3AF5 /* UI */,
				DEAB71981DD2499D003B3AF5 /* Supporting Files */,
			);
			path = AC3.2IMDbad;
			sourceTree = "<group>";
		};
		DEAB71931DD24938003B3AF5 /* Models */ = {
			isa = PBXGroup;
			children = (
				DEAB718F1DD24912003B3AF5 /* BriefMovie.swift */,
				DEAB71911DD24931003B3AF5 /* FullMovie.swift */,
				DEAB719C1DD263C6003B3AF5 /* Soundtrack.swift */,
				DEAB719E1DD270AD003B3AF5 /* AlbumImage.swift */,
			);
			name = Models;
			sourceTree = "<group>";
		};
		DEAB71941DD24949003B3AF5 /* UI */ = {
			isa = PBXGroup;
			children = (
				DEAB71811DD248CB003B3AF5 /* Main.storyboard */,
				DEAB71841DD248CB003B3AF5 /* Assets.xcassets */,
				DEAB71861DD248CB003B3AF5 /* LaunchScreen.storyboard */,
			);
			name = UI;
			sourceTree = "<group>";
		};
		DEAB71971DD24971003B3AF5 /* View Controllers */ = {
			isa = PBXGroup;
			children = (
				7D2A32731DD744C3001C011E /* HomeViewController.swift */,
				7D2A32791DD7718D001C011E /* HomeCollectionViewCell.swift */,
				DE4828F81DD3A960007768C2 /* BriefMovieCollectionViewController.swift */,
				DE4828FC1DD3BA6E007768C2 /* FullMovieDetailViewController.swift */,
				DE4828FA1DD3AA06007768C2 /* BriefMovieCollectionViewCell.swift */,
				DEBDAB2E1DD3E31F00D6B57F /* SoundtrackCollectionViewCell.swift */,
				DEAB71951DD24969003B3AF5 /* BriefMovieTableViewController.swift */,
			);
			name = "View Controllers";
			sourceTree = "<group>";
		};
		DEAB71981DD2499D003B3AF5 /* Supporting Files */ = {
			isa = PBXGroup;
			children = (
				DEAB717D1DD248CB003B3AF5 /* AppDelegate.swift */,
				7DF4E1481DD7C4DB00830FC8 /* logo3.jpg */,
				7D2A32751DD74867001C011E /* IMDbad.jpg */,
				7D4BED361DD815450044C05D /* film.jpg */,
				DEAB71891DD248CB003B3AF5 /* Info.plist */,
				7D2A32771DD74F0B001C011E /* Batman-BenAffleck.jpg */,
			);
			name = "Supporting Files";
			sourceTree = "<group>";
		};
		DEAB719B1DD249F0003B3AF5 /* Networking */ = {
			isa = PBXGroup;
			children = (
				DEAB71991DD249DF003B3AF5 /* APIManager.swift */,
			);
			name = Networking;
			sourceTree = "<group>";
		};
/* End PBXGroup section */

/* Begin PBXNativeTarget section */
		DEAB71791DD248CB003B3AF5 /* AC3.2IMDbad */ = {
			isa = PBXNativeTarget;
			buildConfigurationList = DEAB718C1DD248CB003B3AF5 /* Build configuration list for PBXNativeTarget "AC3.2IMDbad" */;
			buildPhases = (
				DEAB71761DD248CB003B3AF5 /* Sources */,
				DEAB71771DD248CB003B3AF5 /* Frameworks */,
				DEAB71781DD248CB003B3AF5 /* Resources */,
			);
			buildRules = (
			);
			dependencies = (
			);
			name = AC3.2IMDbad;
			productName = AC3.2IMDbad;
			productReference = DEAB717A1DD248CB003B3AF5 /* AC3.2IMDbad.app */;
			productType = "com.apple.product-type.application";
		};
/* End PBXNativeTarget section */

/* Begin PBXProject section */
		DEAB71721DD248CB003B3AF5 /* Project object */ = {
			isa = PBXProject;
			attributes = {
				LastSwiftUpdateCheck = 0800;
				LastUpgradeCheck = 0800;
				ORGANIZATIONNAME = "C4Q-3.2";
				TargetAttributes = {
					DEAB71791DD248CB003B3AF5 = {
						CreatedOnToolsVersion = 8.0;
						ProvisioningStyle = Automatic;
					};
				};
			};
			buildConfigurationList = DEAB71751DD248CB003B3AF5 /* Build configuration list for PBXProject "AC3.2IMDbad" */;
			compatibilityVersion = "Xcode 3.2";
			developmentRegion = English;
			hasScannedForEncodings = 0;
			knownRegions = (
				en,
				Base,
			);
			mainGroup = DEAB71711DD248CB003B3AF5;
			productRefGroup = DEAB717B1DD248CB003B3AF5 /* Products */;
			projectDirPath = "";
			projectRoot = "";
			targets = (
				DEAB71791DD248CB003B3AF5 /* AC3.2IMDbad */,
			);
		};
/* End PBXProject section */

/* Begin PBXResourcesBuildPhase section */
		DEAB71781DD248CB003B3AF5 /* Resources */ = {
			isa = PBXResourcesBuildPhase;
			buildActionMask = 2147483647;
			files = (
				DEAB71881DD248CB003B3AF5 /* LaunchScreen.storyboard in Resources */,
				7D2A32781DD74F0B001C011E /* Batman-BenAffleck.jpg in Resources */,
				7D4BED371DD815450044C05D /* film.jpg in Resources */,
				7DF4E14A1DD7C4DB00830FC8 /* logo3.jpg in Resources */,
				DEAB71851DD248CB003B3AF5 /* Assets.xcassets in Resources */,
				7D2A32761DD74867001C011E /* IMDbad.jpg in Resources */,
				DEAB71831DD248CB003B3AF5 /* Main.storyboard in Resources */,
			);
			runOnlyForDeploymentPostprocessing = 0;
		};
/* End PBXResourcesBuildPhase section */

/* Begin PBXSourcesBuildPhase section */
		DEAB71761DD248CB003B3AF5 /* Sources */ = {
			isa = PBXSourcesBuildPhase;
			buildActionMask = 2147483647;
			files = (
				DEAB71921DD24931003B3AF5 /* FullMovie.swift in Sources */,
				DE4828FB1DD3AA06007768C2 /* BriefMovieCollectionViewCell.swift in Sources */,
				DEAB71961DD24969003B3AF5 /* BriefMovieTableViewController.swift in Sources */,
				DE4828FD1DD3BA6E007768C2 /* FullMovieDetailViewController.swift in Sources */,
				DEAB719A1DD249DF003B3AF5 /* APIManager.swift in Sources */,
				7D2A327A1DD7718D001C011E /* HomeCollectionViewCell.swift in Sources */,
				DEAB719D1DD263C6003B3AF5 /* Soundtrack.swift in Sources */,
				DEAB719F1DD270AD003B3AF5 /* AlbumImage.swift in Sources */,
				DEAB717E1DD248CB003B3AF5 /* AppDelegate.swift in Sources */,
				DE4828F91DD3A960007768C2 /* BriefMovieCollectionViewController.swift in Sources */,
				DEAB71901DD24912003B3AF5 /* BriefMovie.swift in Sources */,
				DEBDAB2F1DD3E31F00D6B57F /* SoundtrackCollectionViewCell.swift in Sources */,
				7D2A32741DD744C3001C011E /* HomeViewController.swift in Sources */,
			);
			runOnlyForDeploymentPostprocessing = 0;
		};
/* End PBXSourcesBuildPhase section */

/* Begin PBXVariantGroup section */
		DEAB71811DD248CB003B3AF5 /* Main.storyboard */ = {
			isa = PBXVariantGroup;
			children = (
				DEAB71821DD248CB003B3AF5 /* Base */,
			);
			name = Main.storyboard;
			sourceTree = "<group>";
		};
		DEAB71861DD248CB003B3AF5 /* LaunchScreen.storyboard */ = {
			isa = PBXVariantGroup;
			children = (
				DEAB71871DD248CB003B3AF5 /* Base */,
			);
			name = LaunchScreen.storyboard;
			sourceTree = "<group>";
		};
/* End PBXVariantGroup section */

/* Begin XCBuildConfiguration section */
		DEAB718A1DD248CB003B3AF5 /* Debug */ = {
			isa = XCBuildConfiguration;
			buildSettings = {
				ALWAYS_SEARCH_USER_PATHS = NO;
				CLANG_ANALYZER_NONNULL = YES;
				CLANG_CXX_LANGUAGE_STANDARD = "gnu++0x";
				CLANG_CXX_LIBRARY = "libc++";
				CLANG_ENABLE_MODULES = YES;
				CLANG_ENABLE_OBJC_ARC = YES;
				CLANG_WARN_BOOL_CONVERSION = YES;
				CLANG_WARN_CONSTANT_CONVERSION = YES;
				CLANG_WARN_DIRECT_OBJC_ISA_USAGE = YES_ERROR;
				CLANG_WARN_DOCUMENTATION_COMMENTS = YES;
				CLANG_WARN_EMPTY_BODY = YES;
				CLANG_WARN_ENUM_CONVERSION = YES;
				CLANG_WARN_INFINITE_RECURSION = YES;
				CLANG_WARN_INT_CONVERSION = YES;
				CLANG_WARN_OBJC_ROOT_CLASS = YES_ERROR;
				CLANG_WARN_SUSPICIOUS_MOVES = YES;
				CLANG_WARN_UNREACHABLE_CODE = YES;
				CLANG_WARN__DUPLICATE_METHOD_MATCH = YES;
				"CODE_SIGN_IDENTITY[sdk=iphoneos*]" = "iPhone Developer";
				COPY_PHASE_STRIP = NO;
				DEBUG_INFORMATION_FORMAT = dwarf;
				ENABLE_STRICT_OBJC_MSGSEND = YES;
				ENABLE_TESTABILITY = YES;
				GCC_C_LANGUAGE_STANDARD = gnu99;
				GCC_DYNAMIC_NO_PIC = NO;
				GCC_NO_COMMON_BLOCKS = YES;
				GCC_OPTIMIZATION_LEVEL = 0;
				GCC_PREPROCESSOR_DEFINITIONS = (
					"DEBUG=1",
					"$(inherited)",
				);
				GCC_WARN_64_TO_32_BIT_CONVERSION = YES;
				GCC_WARN_ABOUT_RETURN_TYPE = YES_ERROR;
				GCC_WARN_UNDECLARED_SELECTOR = YES;
				GCC_WARN_UNINITIALIZED_AUTOS = YES_AGGRESSIVE;
				GCC_WARN_UNUSED_FUNCTION = YES;
				GCC_WARN_UNUSED_VARIABLE = YES;
				IPHONEOS_DEPLOYMENT_TARGET = 10.0;
				MTL_ENABLE_DEBUG_INFO = YES;
				ONLY_ACTIVE_ARCH = YES;
				SDKROOT = iphoneos;
				SWIFT_ACTIVE_COMPILATION_CONDITIONS = DEBUG;
				SWIFT_OPTIMIZATION_LEVEL = "-Onone";
				TARGETED_DEVICE_FAMILY = "1,2";
			};
			name = Debug;
		};
		DEAB718B1DD248CB003B3AF5 /* Release */ = {
			isa = XCBuildConfiguration;
			buildSettings = {
				ALWAYS_SEARCH_USER_PATHS = NO;
				CLANG_ANALYZER_NONNULL = YES;
				CLANG_CXX_LANGUAGE_STANDARD = "gnu++0x";
				CLANG_CXX_LIBRARY = "libc++";
				CLANG_ENABLE_MODULES = YES;
				CLANG_ENABLE_OBJC_ARC = YES;
				CLANG_WARN_BOOL_CONVERSION = YES;
				CLANG_WARN_CONSTANT_CONVERSION = YES;
				CLANG_WARN_DIRECT_OBJC_ISA_USAGE = YES_ERROR;
				CLANG_WARN_DOCUMENTATION_COMMENTS = YES;
				CLANG_WARN_EMPTY_BODY = YES;
				CLANG_WARN_ENUM_CONVERSION = YES;
				CLANG_WARN_INFINITE_RECURSION = YES;
				CLANG_WARN_INT_CONVERSION = YES;
				CLANG_WARN_OBJC_ROOT_CLASS = YES_ERROR;
				CLANG_WARN_SUSPICIOUS_MOVES = YES;
				CLANG_WARN_UNREACHABLE_CODE = YES;
				CLANG_WARN__DUPLICATE_METHOD_MATCH = YES;
				"CODE_SIGN_IDENTITY[sdk=iphoneos*]" = "iPhone Developer";
				COPY_PHASE_STRIP = NO;
				DEBUG_INFORMATION_FORMAT = "dwarf-with-dsym";
				ENABLE_NS_ASSERTIONS = NO;
				ENABLE_STRICT_OBJC_MSGSEND = YES;
				GCC_C_LANGUAGE_STANDARD = gnu99;
				GCC_NO_COMMON_BLOCKS = YES;
				GCC_WARN_64_TO_32_BIT_CONVERSION = YES;
				GCC_WARN_ABOUT_RETURN_TYPE = YES_ERROR;
				GCC_WARN_UNDECLARED_SELECTOR = YES;
				GCC_WARN_UNINITIALIZED_AUTOS = YES_AGGRESSIVE;
				GCC_WARN_UNUSED_FUNCTION = YES;
				GCC_WARN_UNUSED_VARIABLE = YES;
				IPHONEOS_DEPLOYMENT_TARGET = 10.0;
				MTL_ENABLE_DEBUG_INFO = NO;
				SDKROOT = iphoneos;
				SWIFT_OPTIMIZATION_LEVEL = "-Owholemodule";
				TARGETED_DEVICE_FAMILY = "1,2";
				VALIDATE_PRODUCT = YES;
			};
			name = Release;
		};
		DEAB718D1DD248CB003B3AF5 /* Debug */ = {
			isa = XCBuildConfiguration;
			buildSettings = {
				ASSETCATALOG_COMPILER_APPICON_NAME = AppIcon;
				INFOPLIST_FILE = AC3.2IMDbad/Info.plist;
				LD_RUNPATH_SEARCH_PATHS = "$(inherited) @executable_path/Frameworks";
				PRODUCT_BUNDLE_IDENTIFIER = "c4q.TomMiraSimone.AC3-2IMDbad";
				PRODUCT_NAME = "$(TARGET_NAME)";
				SWIFT_VERSION = 3.0;
			};
			name = Debug;
		};
		DEAB718E1DD248CB003B3AF5 /* Release */ = {
			isa = XCBuildConfiguration;
			buildSettings = {
				ASSETCATALOG_COMPILER_APPICON_NAME = AppIcon;
				INFOPLIST_FILE = AC3.2IMDbad/Info.plist;
				LD_RUNPATH_SEARCH_PATHS = "$(inherited) @executable_path/Frameworks";
				PRODUCT_BUNDLE_IDENTIFIER = "c4q.TomMiraSimone.AC3-2IMDbad";
				PRODUCT_NAME = "$(TARGET_NAME)";
				SWIFT_VERSION = 3.0;
			};
			name = Release;
		};
/* End XCBuildConfiguration section */

/* Begin XCConfigurationList section */
		DEAB71751DD248CB003B3AF5 /* Build configuration list for PBXProject "AC3.2IMDbad" */ = {
			isa = XCConfigurationList;
			buildConfigurations = (
				DEAB718A1DD248CB003B3AF5 /* Debug */,
				DEAB718B1DD248CB003B3AF5 /* Release */,
			);
			defaultConfigurationIsVisible = 0;
			defaultConfigurationName = Release;
		};
		DEAB718C1DD248CB003B3AF5 /* Build configuration list for PBXNativeTarget "AC3.2IMDbad" */ = {
			isa = XCConfigurationList;
			buildConfigurations = (
				DEAB718D1DD248CB003B3AF5 /* Debug */,
				DEAB718E1DD248CB003B3AF5 /* Release */,
			);
			defaultConfigurationIsVisible = 0;
			defaultConfigurationName = Release;
		};
/* End XCConfigurationList section */
	};
	rootObject = DEAB71721DD248CB003B3AF5 /* Project object */;
}
